archlinux-xdg-menu 0.7.7-1
ark 25.12.3-1
audiocd-kio 25.12.3-1
awww 0.12.0-1
baloo 6.24.0-2
base 3-3
base-devel 1-2
bat 0.26.1-2
bibata-cursor-theme-bin 2.0.7-1
brightnessctl 0.5.1-3
btop 1.4.6-2
dolphin 25.12.3-1
dolphin-plugins 25.12.3-1
efibootmgr 18-3
eza 0.23.4-3
ffmpegthumbs 25.12.3-1
firefox 149.0-1
foot 1.26.1-1
fzf 0.70.0-1
git 2.53.0-1
grim 1.5.0-2
grub 2:2.14-1
hyprland 0.54.3-2
hyprpolkitagent 0.1.3-6
hyprsunset 0.3.3-6
icoutils 0.32.3-4
intel-ucode 20260227-1
jq 1.8.1-1
kdeconnect 25.12.3-1
kdegraphics-thumbnailers 25.12.3-1
kdesdk-thumbnailers 25.12.3-1
kimageformats 6.24.0-2
kio-admin 25.12.3-1
kompare 25.12.3-1
konsole 25.12.3-1
kservice 6.24.0-2
lazygit 0.60.0-1
lf 41-1
libappimage 1.0.4.5-12
linux-firmware 20260309-1
linux-zen 6.19.11.zen1-1
man-db 2.13.1-1
man-pages 6.17-1
matugen-git 4.1.0.r1.g3a3fb9c-1
neovim 0.11.7-1
networkmanager 1.56.0-1
opencode-bin 1.3.15-1
openssh 10.2p1-2
os-prober 1.84-1
paru 2.1.0-2
paru-debug 2.1.0-2
python-pywalfox 2.7.4-1
qt6-imageformats 6.11.0-1
qt6ct-kde 0.11-5
quickshell 0.2.1-6
resvg 0.47.0-2
slurp 1.5.0-1
sof-firmware 2025.12.2-1
steam 1.0.0.85-6
stow 2.4.1-1
sudo 1.9.17.p2-2
swaync 0.12.6-1
syncthing 2.0.15-1
taglib 2.2.1-1
tailscale 1.96.4-1
texinfo 7.2-1
thefuck 3.32-12
trash-cli 0.24.5.26-3
ttf-material-symbols-variable 2.874-1
uv 0.11.3-1
wl-clipboard 1:2.3.0-1
zellij 0.44.0-1
zoxide 0.9.9-2
zsh 5.9-5
